
Microsoft Visual Studio Solution File, Format Version 12.00
# Visual Studio Version 17
VisualStudioVersion = 17.14.36930.0
MinimumVisualStudioVersion = 10.0.40219.1
Project("{FAE04EC0-301F-11D3-BF4B-00C04F79EFBC}") = "Ayurveda-chatBot", "Ayurveda-chatBot\Ayurveda-chatBot.csproj", "{9402EB71-3894-47AD-9A1B-D63C37559BBC}"
EndProject
Global
	GlobalSection(SolutionConfigurationPlatforms) = preSolution
		Debug|Any CPU = Debug|Any CPU
		Release|Any CPU = Release|Any CPU
	EndGlobalSection
	GlobalSection(ProjectConfigurationPlatforms) = postSolution
		{9402EB71-3894-47AD-9A1B-D63C37559BBC}.Debug|Any CPU.ActiveCfg = Debug|Any CPU
		{9402EB71-3894-47AD-9A1B-D63C37559BBC}.Debug|Any CPU.Build.0 = Debug|Any CPU
		{9402EB71-3894-47AD-9A1B-D63C37559BBC}.Release|Any CPU.ActiveCfg = Release|Any CPU
		{9402EB71-3894-47AD-9A1B-D63C37559BBC}.Release|Any CPU.Build.0 = Release|Any CPU
	EndGlobalSection
	GlobalSection(SolutionProperties) = preSolution
		HideSolutionNode = FALSE
	EndGlobalSection
	GlobalSection(ExtensibilityGlobals) = postSolution
		SolutionGuid = {75D5596D-71FD-4F9C-95ED-2702162BF665}
	EndGlobalSection
EndGlobal
